
Microsoft Visual Studio Solution File, Format Version 12.00
# Visual Studio 15
VisualStudioVersion = 15.0.28307.902
MinimumVisualStudioVersion = 10.0.40219.1
Project("{FAE04EC0-301F-11D3-BF4B-00C04F79EFBC}") = "WebApiChrysallis", "WebApiChrysallis\WebApiChrysallis.csproj", "{10796000-46D1-4B43-AE62-41E98C034068}"
EndProject
Global
	GlobalSection(SolutionConfigurationPlatforms) = preSolution
		Debug|Any CPU = Debug|Any CPU
		Release|Any CPU = Release|Any CPU
	EndGlobalSection
	GlobalSection(ProjectConfigurationPlatforms) = postSolution
		{10796000-46D1-4B43-AE62-41E98C034068}.Debug|Any CPU.ActiveCfg = Debug|Any CPU
		{10796000-46D1-4B43-AE62-41E98C034068}.Debug|Any CPU.Build.0 = Debug|Any CPU
		{10796000-46D1-4B43-AE62-41E98C034068}.Release|Any CPU.ActiveCfg = Release|Any CPU
		{10796000-46D1-4B43-AE62-41E98C034068}.Release|Any CPU.Build.0 = Release|Any CPU
	EndGlobalSection
	GlobalSection(SolutionProperties) = preSolution
		HideSolutionNode = FALSE
	EndGlobalSection
	GlobalSection(ExtensibilityGlobals) = postSolution
		SolutionGuid = {4D97B09D-7BBF-499A-83A3-62BAA5DE66E3}
	EndGlobalSection
EndGlobal
